// !$*UTF8*$!
{
	archiveVersion = 1;
	classes = {
	};
	objectVersion = 50;
	objects = {

/* Begin PBXBuildFile section */
		D1453B6A251BF4BA006DF839 /* SwifteriOS.framework in Frameworks */ = {isa = PBXBuildFile; fileRef = D1453B60251BF48E006DF839 /* SwifteriOS.framework */; };
		D1453B6B251BF4BA006DF839 /* SwifteriOS.framework in Embed Frameworks */ = {isa = PBXBuildFile; fileRef = D1453B60251BF48E006DF839 /* SwifteriOS.framework */; settings = {ATTRIBUTES = (CodeSignOnCopy, RemoveHeadersOnCopy, ); }; };
		D1453B74251C0175006DF839 /* SecretsKeyParser.swift in Sources */ = {isa = PBXBuildFile; fileRef = D1453B73251C0175006DF839 /* SecretsKeyParser.swift */; };
		D1453B7A251DF79F006DF839 /* SecretsKey.plist in Resources */ = {isa = PBXBuildFile; fileRef = D1453B79251DF79F006DF839 /* SecretsKey.plist */; };
		D1B4D3BB251A93210007A3F9 /* AppDelegate.swift in Sources */ = {isa = PBXBuildFile; fileRef = D1B4D3BA251A93210007A3F9 /* AppDelegate.swift */; };
		D1B4D3BD251A93210007A3F9 /* SceneDelegate.swift in Sources */ = {isa = PBXBuildFile; fileRef = D1B4D3BC251A93210007A3F9 /* SceneDelegate.swift */; };
		D1B4D3BF251A93210007A3F9 /* ViewController.swift in Sources */ = {isa = PBXBuildFile; fileRef = D1B4D3BE251A93210007A3F9 /* ViewController.swift */; };
		D1B4D3C2251A93210007A3F9 /* Main.storyboard in Resources */ = {isa = PBXBuildFile; fileRef = D1B4D3C0251A93210007A3F9 /* Main.storyboard */; };
		D1B4D3C4251A93220007A3F9 /* Assets.xcassets in Resources */ = {isa = PBXBuildFile; fileRef = D1B4D3C3251A93220007A3F9 /* Assets.xcassets */; };
		D1B4D3C7251A93220007A3F9 /* LaunchScreen.storyboard in Resources */ = {isa = PBXBuildFile; fileRef = D1B4D3C5251A93220007A3F9 /* LaunchScreen.storyboard */; };
		D1B4D3D2251A93220007A3F9 /* twittermentiTests.swift in Sources */ = {isa = PBXBuildFile; fileRef = D1B4D3D1251A93220007A3F9 /* twittermentiTests.swift */; };
		D1B4D3DD251A93220007A3F9 /* twittermentiUITests.swift in Sources */ = {isa = PBXBuildFile; fileRef = D1B4D3DC251A93220007A3F9 /* twittermentiUITests.swift */; };
/* End PBXBuildFile section */

/* Begin PBXContainerItemProxy section */
		D1453B5F251BF48E006DF839 /* PBXContainerItemProxy */ = {
			isa = PBXContainerItemProxy;
			containerPortal = D1453B57251BF48E006DF839 /* Swifter.xcodeproj */;
			proxyType = 2;
			remoteGlobalIDString = 8B9F50EE1944A5AB00894629;
			remoteInfo = SwifteriOS;
		};
		D1453B61251BF48E006DF839 /* PBXContainerItemProxy */ = {
			isa = PBXContainerItemProxy;
			containerPortal = D1453B57251BF48E006DF839 /* Swifter.xcodeproj */;
			proxyType = 2;
			remoteGlobalIDString = 8B9F51131944A61D00894629;
			remoteInfo = SwifterMac;
		};
		D1453B63251BF48E006DF839 /* PBXContainerItemProxy */ = {
			isa = PBXContainerItemProxy;
			containerPortal = D1453B57251BF48E006DF839 /* Swifter.xcodeproj */;
			proxyType = 2;
			remoteGlobalIDString = 8B300C1F1944AA1A00993175;
			remoteInfo = SwifterDemoiOS;
		};
		D1453B65251BF48E006DF839 /* PBXContainerItemProxy */ = {
			isa = PBXContainerItemProxy;
			containerPortal = D1453B57251BF48E006DF839 /* Swifter.xcodeproj */;
			proxyType = 2;
			remoteGlobalIDString = 8B300C471944AECB00993175;
			remoteInfo = SwifterDemoMac;
		};
		D1453B67251BF48E006DF839 /* PBXContainerItemProxy */ = {
			isa = PBXContainerItemProxy;
			containerPortal = D1453B57251BF48E006DF839 /* Swifter.xcodeproj */;
			proxyType = 2;
			remoteGlobalIDString = F6B4D5751C7BAC4500E06514;
			remoteInfo = SwifterTests;
		};
		D1B4D3CE251A93220007A3F9 /* PBXContainerItemProxy */ = {
			isa = PBXContainerItemProxy;
			containerPortal = D1B4D3AF251A93210007A3F9 /* Project object */;
			proxyType = 1;
			remoteGlobalIDString = D1B4D3B6251A93210007A3F9;
			remoteInfo = twittermenti;
		};
		D1B4D3D9251A93220007A3F9 /* PBXContainerItemProxy */ = {
			isa = PBXContainerItemProxy;
			containerPortal = D1B4D3AF251A93210007A3F9 /* Project object */;
			proxyType = 1;
			remoteGlobalIDString = D1B4D3B6251A93210007A3F9;
			remoteInfo = twittermenti;
		};
/* End PBXContainerItemProxy section */

/* Begin PBXCopyFilesBuildPhase section */
		D1453B6C251BF4BA006DF839 /* Embed Frameworks */ = {
			isa = PBXCopyFilesBuildPhase;
			buildActionMask = 2147483647;
			dstPath = "";
			dstSubfolderSpec = 10;
			files = (
				D1453B6B251BF4BA006DF839 /* SwifteriOS.framework in Embed Frameworks */,
			);
			name = "Embed Frameworks";
			runOnlyForDeploymentPostprocessing = 0;
		};
/* End PBXCopyFilesBuildPhase section */

/* Begin PBXFileReference section */
		D1453B57251BF48E006DF839 /* Swifter.xcodeproj */ = {isa = PBXFileReference; lastKnownFileType = "wrapper.pb-project"; name = Swifter.xcodeproj; path = ../Swifter/Swifter.xcodeproj; sourceTree = "<group>"; };
		D1453B73251C0175006DF839 /* SecretsKeyParser.swift */ = {isa = PBXFileReference; lastKnownFileType = sourcecode.swift; path = SecretsKeyParser.swift; sourceTree = "<group>"; };
		D1453B79251DF79F006DF839 /* SecretsKey.plist */ = {isa = PBXFileReference; lastKnownFileType = text.plist.xml; path = SecretsKey.plist; sourceTree = "<group>"; };
		D1B4D3B7251A93210007A3F9 /* twittermenti.app */ = {isa = PBXFileReference; explicitFileType = wrapper.application; includeInIndex = 0; path = twittermenti.app; sourceTree = BUILT_PRODUCTS_DIR; };
		D1B4D3BA251A93210007A3F9 /* AppDelegate.swift */ = {isa = PBXFileReference; lastKnownFileType = sourcecode.swift; path = AppDelegate.swift; sourceTree = "<group>"; };
		D1B4D3BC251A93210007A3F9 /* SceneDelegate.swift */ = {isa = PBXFileReference; lastKnownFileType = sourcecode.swift; path = SceneDelegate.swift; sourceTree = "<group>"; };
		D1B4D3BE251A93210007A3F9 /* ViewController.swift */ = {isa = PBXFileReference; lastKnownFileType = sourcecode.swift; path = ViewController.swift; sourceTree = "<group>"; };
		D1B4D3C1251A93210007A3F9 /* Base */ = {isa = PBXFileReference; lastKnownFileType = file.storyboard; name = Base; path = Base.lproj/Main.storyboard; sourceTree = "<group>"; };
		D1B4D3C3251A93220007A3F9 /* Assets.xcassets */ = {isa = PBXFileReference; lastKnownFileType = folder.assetcatalog; path = Assets.xcassets; sourceTree = "<group>"; };
		D1B4D3C6251A93220007A3F9 /* Base */ = {isa = PBXFileReference; lastKnownFileType = file.storyboard; name = Base; path = Base.lproj/LaunchScreen.storyboard; sourceTree = "<group>"; };
		D1B4D3C8251A93220007A3F9 /* Info.plist */ = {isa = PBXFileReference; lastKnownFileType = text.plist.xml; path = Info.plist; sourceTree = "<group>"; };
		D1B4D3CD251A93220007A3F9 /* twittermentiTests.xctest */ = {isa = PBXFileReference; explicitFileType = wrapper.cfbundle; includeInIndex = 0; path = twittermentiTests.xctest; sourceTree = BUILT_PRODUCTS_DIR; };
		D1B4D3D1251A93220007A3F9 /* twittermentiTests.swift */ = {isa = PBXFileReference; lastKnownFileType = sourcecode.swift; path = twittermentiTests.swift; sourceTree = "<group>"; };
		D1B4D3D3251A93220007A3F9 /* Info.plist */ = {isa = PBXFileReference; lastKnownFileType = text.plist.xml; path = Info.plist; sourceTree = "<group>"; };
		D1B4D3D8251A93220007A3F9 /* twittermentiUITests.xctest */ = {isa = PBXFileReference; explicitFileType = wrapper.cfbundle; includeInIndex = 0; path = twittermentiUITests.xctest; sourceTree = BUILT_PRODUCTS_DIR; };
		D1B4D3DC251A93220007A3F9 /* twittermentiUITests.swift */ = {isa = PBXFileReference; lastKnownFileType = sourcecode.swift; path = twittermentiUITests.swift; sourceTree = "<group>"; };
		D1B4D3DE251A93220007A3F9 /* Info.plist */ = {isa = PBXFileReference; lastKnownFileType = text.plist.xml; path = Info.plist; sourceTree = "<group>"; };
/* End PBXFileReference section */

/* Begin PBXFrameworksBuildPhase section */
		D1B4D3B4251A93210007A3F9 /* Frameworks */ = {
			isa = PBXFrameworksBuildPhase;
			buildActionMask = 2147483647;
			files = (
				D1453B6A251BF4BA006DF839 /* SwifteriOS.framework in Frameworks */,
			);
			runOnlyForDeploymentPostprocessing = 0;
		};
		D1B4D3CA251A93220007A3F9 /* Frameworks */ = {
			isa = PBXFrameworksBuildPhase;
			buildActionMask = 2147483647;
			files = (
			);
			runOnlyForDeploymentPostprocessing = 0;
		};
		D1B4D3D5251A93220007A3F9 /* Frameworks */ = {
			isa = PBXFrameworksBuildPhase;
			buildActionMask = 2147483647;
			files = (
			);
			runOnlyForDeploymentPostprocessing = 0;
		};
/* End PBXFrameworksBuildPhase section */

/* Begin PBXGroup section */
		D1453B58251BF48E006DF839 /* Products */ = {
			isa = PBXGroup;
			children = (
				D1453B60251BF48E006DF839 /* SwifteriOS.framework */,
				D1453B62251BF48E006DF839 /* SwifterMac.framework */,
				D1453B64251BF48E006DF839 /* SwifterDemoiOS.app */,
				D1453B66251BF48E006DF839 /* SwifterDemoMac.app */,
				D1453B68251BF48E006DF839 /* SwifterTests.xctest */,
			);
			name = Products;
			sourceTree = "<group>";
		};
		D1453B69251BF4BA006DF839 /* Frameworks */ = {
			isa = PBXGroup;
			children = (
			);
			name = Frameworks;
			sourceTree = "<group>";
		};
		D1B4D3AE251A93210007A3F9 = {
			isa = PBXGroup;
			children = (
				D1453B57251BF48E006DF839 /* Swifter.xcodeproj */,
				D1B4D3B9251A93210007A3F9 /* twittermenti */,
				D1B4D3D0251A93220007A3F9 /* twittermentiTests */,
				D1B4D3DB251A93220007A3F9 /* twittermentiUITests */,
				D1B4D3B8251A93210007A3F9 /* Products */,
				D1453B69251BF4BA006DF839 /* Frameworks */,
			);
			sourceTree = "<group>";
		};
		D1B4D3B8251A93210007A3F9 /* Products */ = {
			isa = PBXGroup;
			children = (
				D1B4D3B7251A93210007A3F9 /* twittermenti.app */,
				D1B4D3CD251A93220007A3F9 /* twittermentiTests.xctest */,
				D1B4D3D8251A93220007A3F9 /* twittermentiUITests.xctest */,
			);
			name = Products;
			sourceTree = "<group>";
		};
		D1B4D3B9251A93210007A3F9 /* twittermenti */ = {
			isa = PBXGroup;
			children = (
				D1B4D3BA251A93210007A3F9 /* AppDelegate.swift */,
				D1B4D3BC251A93210007A3F9 /* SceneDelegate.swift */,
				D1B4D3BE251A93210007A3F9 /* ViewController.swift */,
				D1B4D3C0251A93210007A3F9 /* Main.storyboard */,
				D1B4D3C3251A93220007A3F9 /* Assets.xcassets */,
				D1B4D3C5251A93220007A3F9 /* LaunchScreen.storyboard */,
				D1B4D3C8251A93220007A3F9 /* Info.plist */,
				D1453B73251C0175006DF839 /* SecretsKeyParser.swift */,
				D1453B79251DF79F006DF839 /* SecretsKey.plist */,
			);
			path = twittermenti;
			sourceTree = "<group>";
		};
		D1B4D3D0251A93220007A3F9 /* twittermentiTests */ = {
			isa = PBXGroup;
			children = (
				D1B4D3D1251A93220007A3F9 /* twittermentiTests.swift */,
				D1B4D3D3251A93220007A3F9 /* Info.plist */,
			);
			path = twittermentiTests;
			sourceTree = "<group>";
		};
		D1B4D3DB251A93220007A3F9 /* twittermentiUITests */ = {
			isa = PBXGroup;
			children = (
				D1B4D3DC251A93220007A3F9 /* twittermentiUITests.swift */,
				D1B4D3DE251A93220007A3F9 /* Info.plist */,
			);
			path = twittermentiUITests;
			sourceTree = "<group>";
		};
/* End PBXGroup section */

/* Begin PBXNativeTarget section */
		D1B4D3B6251A93210007A3F9 /* twittermenti */ = {
			isa = PBXNativeTarget;
			buildConfigurationList = D1B4D3E1251A93220007A3F9 /* Build configuration list for PBXNativeTarget "twittermenti" */;
			buildPhases = (
				D1B4D3B3251A93210007A3F9 /* Sources */,
				D1B4D3B4251A93210007A3F9 /* Frameworks */,
				D1B4D3B5251A93210007A3F9 /* Resources */,
				D1453B6C251BF4BA006DF839 /* Embed Frameworks */,
			);
			buildRules = (
			);
			dependencies = (
			);
			name = twittermenti;
			productName = twittermenti;
			productReference = D1B4D3B7251A93210007A3F9 /* twittermenti.app */;
			productType = "com.apple.product-type.application";
		};
		D1B4D3CC251A93220007A3F9 /* twittermentiTests */ = {
			isa = PBXNativeTarget;
			buildConfigurationList = D1B4D3E4251A93220007A3F9 /* Build configuration list for PBXNativeTarget "twittermentiTests" */;
			buildPhases = (
				D1B4D3C9251A93220007A3F9 /* Sources */,
				D1B4D3CA251A93220007A3F9 /* Frameworks */,
				D1B4D3CB251A93220007A3F9 /* Resources */,
			);
			buildRules = (
			);
			dependencies = (
				D1B4D3CF251A93220007A3F9 /* PBXTargetDependency */,
			);
			name = twittermentiTests;
			productName = twittermentiTests;
			productReference = D1B4D3CD251A93220007A3F9 /* twittermentiTests.xctest */;
			productType = "com.apple.product-type.bundle.unit-test";
		};
		D1B4D3D7251A93220007A3F9 /* twittermentiUITests */ = {
			isa = PBXNativeTarget;
			buildConfigurationList = D1B4D3E7251A93220007A3F9 /* Build configuration list for PBXNativeTarget "twittermentiUITests" */;
			buildPhases = (
				D1B4D3D4251A93220007A3F9 /* Sources */,
				D1B4D3D5251A93220007A3F9 /* Frameworks */,
				D1B4D3D6251A93220007A3F9 /* Resources */,
			);
			buildRules = (
			);
			dependencies = (
				D1B4D3DA251A93220007A3F9 /* PBXTargetDependency */,
			);
			name = twittermentiUITests;
			productName = twittermentiUITests;
			productReference = D1B4D3D8251A93220007A3F9 /* twittermentiUITests.xctest */;
			productType = "com.apple.product-type.bundle.ui-testing";
		};
/* End PBXNativeTarget section */

/* Begin PBXProject section */
		D1B4D3AF251A93210007A3F9 /* Project object */ = {
			isa = PBXProject;
			attributes = {
				LastSwiftUpdateCheck = 1200;
				LastUpgradeCheck = 1200;
				TargetAttributes = {
					D1B4D3B6251A93210007A3F9 = {
						CreatedOnToolsVersion = 12.0;
					};
					D1B4D3CC251A93220007A3F9 = {
						CreatedOnToolsVersion = 12.0;
						TestTargetID = D1B4D3B6251A93210007A3F9;
					};
					D1B4D3D7251A93220007A3F9 = {
						CreatedOnToolsVersion = 12.0;
						TestTargetID = D1B4D3B6251A93210007A3F9;
					};
				};
			};
			buildConfigurationList = D1B4D3B2251A93210007A3F9 /* Build configuration list for PBXProject "twittermenti" */;
			compatibilityVersion = "Xcode 9.3";
			developmentRegion = en;
			hasScannedForEncodings = 0;
			knownRegions = (
				en,
				Base,
			);
			mainGroup = D1B4D3AE251A93210007A3F9;
			productRefGroup = D1B4D3B8251A93210007A3F9 /* Products */;
			projectDirPath = "";
			projectReferences = (
				{
					ProductGroup = D1453B58251BF48E006DF839 /* Products */;
					ProjectRef = D1453B57251BF48E006DF839 /* Swifter.xcodeproj */;
				},
			);
			projectRoot = "";
			targets = (
				D1B4D3B6251A93210007A3F9 /* twittermenti */,
				D1B4D3CC251A93220007A3F9 /* twittermentiTests */,
				D1B4D3D7251A93220007A3F9 /* twittermentiUITests */,
			);
		};
/* End PBXProject section */

/* Begin PBXReferenceProxy section */
		D1453B60251BF48E006DF839 /* SwifteriOS.framework */ = {
			isa = PBXReferenceProxy;
			fileType = wrapper.framework;
			path = SwifteriOS.framework;
			remoteRef = D1453B5F251BF48E006DF839 /* PBXContainerItemProxy */;
			sourceTree = BUILT_PRODUCTS_DIR;
		};
		D1453B62251BF48E006DF839 /* SwifterMac.framework */ = {
			isa = PBXReferenceProxy;
			fileType = wrapper.framework;
			path = SwifterMac.framework;
			remoteRef = D1453B61251BF48E006DF839 /* PBXContainerItemProxy */;
			sourceTree = BUILT_PRODUCTS_DIR;
		};
		D1453B64251BF48E006DF839 /* SwifterDemoiOS.app */ = {
			isa = PBXReferenceProxy;
			fileType = wrapper.application;
			path = SwifterDemoiOS.app;
			remoteRef = D1453B63251BF48E006DF839 /* PBXContainerItemProxy */;
			sourceTree = BUILT_PRODUCTS_DIR;
		};
		D1453B66251BF48E006DF839 /* SwifterDemoMac.app */ = {
			isa = PBXReferenceProxy;
			fileType = wrapper.application;
			path = SwifterDemoMac.app;
			remoteRef = D1453B65251BF48E006DF839 /* PBXContainerItemProxy */;
			sourceTree = BUILT_PRODUCTS_DIR;
		};
		D1453B68251BF48E006DF839 /* SwifterTests.xctest */ = {
			isa = PBXReferenceProxy;
			fileType = wrapper.cfbundle;
			path = SwifterTests.xctest;
			remoteRef = D1453B67251BF48E006DF839 /* PBXContainerItemProxy */;
			sourceTree = BUILT_PRODUCTS_DIR;
		};
/* End PBXReferenceProxy section */

/* Begin PBXResourcesBuildPhase section */
		D1B4D3B5251A93210007A3F9 /* Resources */ = {
			isa = PBXResourcesBuildPhase;
			buildActionMask = 2147483647;
			files = (
				D1453B7A251DF79F006DF839 /* SecretsKey.plist in Resources */,
				D1B4D3C7251A93220007A3F9 /* LaunchScreen.storyboard in Resources */,
				D1B4D3C4251A93220007A3F9 /* Assets.xcassets in Resources */,
				D1B4D3C2251A93210007A3F9 /* Main.storyboard in Resources */,
			);
			runOnlyForDeploymentPostprocessing = 0;
		};
		D1B4D3CB251A93220007A3F9 /* Resources */ = {
			isa = PBXResourcesBuildPhase;
			buildActionMask = 2147483647;
			files = (
			);
			runOnlyForDeploymentPostprocessing = 0;
		};
		D1B4D3D6251A93220007A3F9 /* Resources */ = {
			isa = PBXResourcesBuildPhase;
			buildActionMask = 2147483647;
			files = (
			);
			runOnlyForDeploymentPostprocessing = 0;
		};
/* End PBXResourcesBuildPhase section */

/* Begin PBXSourcesBuildPhase section */
		D1B4D3B3251A93210007A3F9 /* Sources */ = {
			isa = PBXSourcesBuildPhase;
			buildActionMask = 2147483647;
			files = (
				D1453B74251C0175006DF839 /* SecretsKeyParser.swift in Sources */,
				D1B4D3BF251A93210007A3F9 /* ViewController.swift in Sources */,
				D1B4D3BB251A93210007A3F9 /* AppDelegate.swift in Sources */,
				D1B4D3BD251A93210007A3F9 /* SceneDelegate.swift in Sources */,
			);
			runOnlyForDeploymentPostprocessing = 0;
		};
		D1B4D3C9251A93220007A3F9 /* Sources */ = {
			isa = PBXSourcesBuildPhase;
			buildActionMask = 2147483647;
			files = (
				D1B4D3D2251A93220007A3F9 /* twittermentiTests.swift in Sources */,
			);
			runOnlyForDeploymentPostprocessing = 0;
		};
		D1B4D3D4251A93220007A3F9 /* Sources */ = {
			isa = PBXSourcesBuildPhase;
			buildActionMask = 2147483647;
			files = (
				D1B4D3DD251A93220007A3F9 /* twittermentiUITests.swift in Sources */,
			);
			runOnlyForDeploymentPostprocessing = 0;
		};
/* End PBXSourcesBuildPhase section */

/* Begin PBXTargetDependency section */
		D1B4D3CF251A93220007A3F9 /* PBXTargetDependency */ = {
			isa = PBXTargetDependency;
			target = D1B4D3B6251A93210007A3F9 /* twittermenti */;
			targetProxy = D1B4D3CE251A93220007A3F9 /* PBXContainerItemProxy */;
		};
		D1B4D3DA251A93220007A3F9 /* PBXTargetDependency */ = {
			isa = PBXTargetDependency;
			target = D1B4D3B6251A93210007A3F9 /* twittermenti */;
			targetProxy = D1B4D3D9251A93220007A3F9 /* PBXContainerItemProxy */;
		};
/* End PBXTargetDependency section */

/* Begin PBXVariantGroup section */
		D1B4D3C0251A93210007A3F9 /* Main.storyboard */ = {
			isa = PBXVariantGroup;
			children = (
				D1B4D3C1251A93210007A3F9 /* Base */,
			);
			name = Main.storyboard;
			sourceTree = "<group>";
		};
		D1B4D3C5251A93220007A3F9 /* LaunchScreen.storyboard */ = {
			isa = PBXVariantGroup;
			children = (
				D1B4D3C6251A93220007A3F9 /* Base */,
			);
			name = LaunchScreen.storyboard;
			sourceTree = "<group>";
		};
/* End PBXVariantGroup section */

/* Begin XCBuildConfiguration section */
		D1B4D3DF251A93220007A3F9 /* Debug */ = {
			isa = XCBuildConfiguration;
			buildSettings = {
				ALWAYS_SEARCH_USER_PATHS = NO;
				CLANG_ANALYZER_NONNULL = YES;
				CLANG_ANALYZER_NUMBER_OBJECT_CONVERSION = YES_AGGRESSIVE;
				CLANG_CXX_LANGUAGE_STANDARD = "gnu++14";
				CLANG_CXX_LIBRARY = "libc++";
				CLANG_ENABLE_MODULES = YES;
				CLANG_ENABLE_OBJC_ARC = YES;
				CLANG_ENABLE_OBJC_WEAK = YES;
				CLANG_WARN_BLOCK_CAPTURE_AUTORELEASING = YES;
				CLANG_WARN_BOOL_CONVERSION = YES;
				CLANG_WARN_COMMA = YES;
				CLANG_WARN_CONSTANT_CONVERSION = YES;
				CLANG_WARN_DEPRECATED_OBJC_IMPLEMENTATIONS = YES;
				CLANG_WARN_DIRECT_OBJC_ISA_USAGE = YES_ERROR;
				CLANG_WARN_DOCUMENTATION_COMMENTS = YES;
				CLANG_WARN_EMPTY_BODY = YES;
				CLANG_WARN_ENUM_CONVERSION = YES;
				CLANG_WARN_INFINITE_RECURSION = YES;
				CLANG_WARN_INT_CONVERSION = YES;
				CLANG_WARN_NON_LITERAL_NULL_CONVERSION = YES;
				CLANG_WARN_OBJC_IMPLICIT_RETAIN_SELF = YES;
				CLANG_WARN_OBJC_LITERAL_CONVERSION = YES;
				CLANG_WARN_OBJC_ROOT_CLASS = YES_ERROR;
				CLANG_WARN_QUOTED_INCLUDE_IN_FRAMEWORK_HEADER = YES;
				CLANG_WARN_RANGE_LOOP_ANALYSIS = YES;
				CLANG_WARN_STRICT_PROTOTYPES = YES;
				CLANG_WARN_SUSPICIOUS_MOVE = YES;
				CLANG_WARN_UNGUARDED_AVAILABILITY = YES_AGGRESSIVE;
				CLANG_WARN_UNREACHABLE_CODE = YES;
				CLANG_WARN__DUPLICATE_METHOD_MATCH = YES;
				COPY_PHASE_STRIP = NO;
				DEBUG_INFORMATION_FORMAT = dwarf;
				ENABLE_STRICT_OBJC_MSGSEND = YES;
				ENABLE_TESTABILITY = YES;
				GCC_C_LANGUAGE_STANDARD = gnu11;
				GCC_DYNAMIC_NO_PIC = NO;
				GCC_NO_COMMON_BLOCKS = YES;
				GCC_OPTIMIZATION_LEVEL = 0;
				GCC_PREPROCESSOR_DEFINITIONS = (
					"DEBUG=1",
					"$(inherited)",
				);
				GCC_WARN_64_TO_32_BIT_CONVERSION = YES;
				GCC_WARN_ABOUT_RETURN_TYPE = YES_ERROR;
				GCC_WARN_UNDECLARED_SELECTOR = YES;
				GCC_WARN_UNINITIALIZED_AUTOS = YES_AGGRESSIVE;
				GCC_WARN_UNUSED_FUNCTION = YES;
				GCC_WARN_UNUSED_VARIABLE = YES;
				IPHONEOS_DEPLOYMENT_TARGET = 14.0;
				MTL_ENABLE_DEBUG_INFO = INCLUDE_SOURCE;
				MTL_FAST_MATH = YES;
				ONLY_ACTIVE_ARCH = YES;
				SDKROOT = iphoneos;
				SWIFT_ACTIVE_COMPILATION_CONDITIONS = DEBUG;
				SWIFT_OPTIMIZATION_LEVEL = "-Onone";
			};
			name = Debug;
		};
		D1B4D3E0251A93220007A3F9 /* Release */ = {
			isa = XCBuildConfiguration;
			buildSettings = {
				ALWAYS_SEARCH_USER_PATHS = NO;
				CLANG_ANALYZER_NONNULL = YES;
				CLANG_ANALYZER_NUMBER_OBJECT_CONVERSION = YES_AGGRESSIVE;
				CLANG_CXX_LANGUAGE_STANDARD = "gnu++14";
				CLANG_CXX_LIBRARY = "libc++";
				CLANG_ENABLE_MODULES = YES;
				CLANG_ENABLE_OBJC_ARC = YES;
				CLANG_ENABLE_OBJC_WEAK = YES;
				CLANG_WARN_BLOCK_CAPTURE_AUTORELEASING = YES;
				CLANG_WARN_BOOL_CONVERSION = YES;
				CLANG_WARN_COMMA = YES;
				CLANG_WARN_CONSTANT_CONVERSION = YES;
				CLANG_WARN_DEPRECATED_OBJC_IMPLEMENTATIONS = YES;
				CLANG_WARN_DIRECT_OBJC_ISA_USAGE = YES_ERROR;
				CLANG_WARN_DOCUMENTATION_COMMENTS = YES;
				CLANG_WARN_EMPTY_BODY = YES;
				CLANG_WARN_ENUM_CONVERSION = YES;
				CLANG_WARN_INFINITE_RECURSION = YES;
				CLANG_WARN_INT_CONVERSION = YES;
				CLANG_WARN_NON_LITERAL_NULL_CONVERSION = YES;
				CLANG_WARN_OBJC_IMPLICIT_RETAIN_SELF = YES;
				CLANG_WARN_OBJC_LITERAL_CONVERSION = YES;
				CLANG_WARN_OBJC_ROOT_CLASS = YES_ERROR;
				CLANG_WARN_QUOTED_INCLUDE_IN_FRAMEWORK_HEADER = YES;
				CLANG_WARN_RANGE_LOOP_ANALYSIS = YES;
				CLANG_WARN_STRICT_PROTOTYPES = YES;
				CLANG_WARN_SUSPICIOUS_MOVE = YES;
				CLANG_WARN_UNGUARDED_AVAILABILITY = YES_AGGRESSIVE;
				CLANG_WARN_UNREACHABLE_CODE = YES;
				CLANG_WARN__DUPLICATE_METHOD_MATCH = YES;
				COPY_PHASE_STRIP = NO;
				DEBUG_INFORMATION_FORMAT = "dwarf-with-dsym";
				ENABLE_NS_ASSERTIONS = NO;
				ENABLE_STRICT_OBJC_MSGSEND = YES;
				GCC_C_LANGUAGE_STANDARD = gnu11;
				GCC_NO_COMMON_BLOCKS = YES;
				GCC_WARN_64_TO_32_BIT_CONVERSION = YES;
				GCC_WARN_ABOUT_RETURN_TYPE = YES_ERROR;
				GCC_WARN_UNDECLARED_SELECTOR = YES;
				GCC_WARN_UNINITIALIZED_AUTOS = YES_AGGRESSIVE;
				GCC_WARN_UNUSED_FUNCTION = YES;
				GCC_WARN_UNUSED_VARIABLE = YES;
				IPHONEOS_DEPLOYMENT_TARGET = 14.0;
				MTL_ENABLE_DEBUG_INFO = NO;
				MTL_FAST_MATH = YES;
				SDKROOT = iphoneos;
				SWIFT_COMPILATION_MODE = wholemodule;
				SWIFT_OPTIMIZATION_LEVEL = "-O";
				VALIDATE_PRODUCT = YES;
			};
			name = Release;
		};
		D1B4D3E2251A93220007A3F9 /* Debug */ = {
			isa = XCBuildConfiguration;
			buildSettings = {
				ASSETCATALOG_COMPILER_APPICON_NAME = AppIcon;
				ASSETCATALOG_COMPILER_GLOBAL_ACCENT_COLOR_NAME = AccentColor;
				CODE_SIGN_STYLE = Automatic;
				DEVELOPMENT_TEAM = Z56UVR5Q3Z;
				INFOPLIST_FILE = twittermenti/Info.plist;
				LD_RUNPATH_SEARCH_PATHS = (
					"$(inherited)",
					"@executable_path/Frameworks",
				);
				PRODUCT_BUNDLE_IDENTIFIER = com.justynakowalkowska.twittermenti;
				PRODUCT_NAME = "$(TARGET_NAME)";
				SWIFT_VERSION = 5.0;
				TARGETED_DEVICE_FAMILY = "1,2";
			};
			name = Debug;
		};
		D1B4D3E3251A93220007A3F9 /* Release */ = {
			isa = XCBuildConfiguration;
			buildSettings = {
				ASSETCATALOG_COMPILER_APPICON_NAME = AppIcon;
				ASSETCATALOG_COMPILER_GLOBAL_ACCENT_COLOR_NAME = AccentColor;
				CODE_SIGN_STYLE = Automatic;
				DEVELOPMENT_TEAM = Z56UVR5Q3Z;
				INFOPLIST_FILE = twittermenti/Info.plist;
				LD_RUNPATH_SEARCH_PATHS = (
					"$(inherited)",
					"@executable_path/Frameworks",
				);
				PRODUCT_BUNDLE_IDENTIFIER = com.justynakowalkowska.twittermenti;
				PRODUCT_NAME = "$(TARGET_NAME)";
				SWIFT_VERSION = 5.0;
				TARGETED_DEVICE_FAMILY = "1,2";
			};
			name = Release;
		};
		D1B4D3E5251A93220007A3F9 /* Debug */ = {
			isa = XCBuildConfiguration;
			buildSettings = {
				ALWAYS_EMBED_SWIFT_STANDARD_LIBRARIES = YES;
				BUNDLE_LOADER = "$(TEST_HOST)";
				CODE_SIGN_STYLE = Automatic;
				DEVELOPMENT_TEAM = Z56UVR5Q3Z;
				INFOPLIST_FILE = twittermentiTests/Info.plist;
				IPHONEOS_DEPLOYMENT_TARGET = 14.0;
				LD_RUNPATH_SEARCH_PATHS = (
					"$(inherited)",
					"@executable_path/Frameworks",
					"@loader_path/Frameworks",
				);
				PRODUCT_BUNDLE_IDENTIFIER = com.justynakowalkowska.twittermentiTests;
				PRODUCT_NAME = "$(TARGET_NAME)";
				SWIFT_VERSION = 5.0;
				TARGETED_DEVICE_FAMILY = "1,2";
				TEST_HOST = "$(BUILT_PRODUCTS_DIR)/twittermenti.app/twittermenti";
			};
			name = Debug;
		};
		D1B4D3E6251A93220007A3F9 /* Release */ = {
			isa = XCBuildConfiguration;
			buildSettings = {
				ALWAYS_EMBED_SWIFT_STANDARD_LIBRARIES = YES;
				BUNDLE_LOADER = "$(TEST_HOST)";
				CODE_SIGN_STYLE = Automatic;
				DEVELOPMENT_TEAM = Z56UVR5Q3Z;
				INFOPLIST_FILE = twittermentiTests/Info.plist;
				IPHONEOS_DEPLOYMENT_TARGET = 14.0;
				LD_RUNPATH_SEARCH_PATHS = (
					"$(inherited)",
					"@executable_path/Frameworks",
					"@loader_path/Frameworks",
				);
				PRODUCT_BUNDLE_IDENTIFIER = com.justynakowalkowska.twittermentiTests;
				PRODUCT_NAME = "$(TARGET_NAME)";
				SWIFT_VERSION = 5.0;
				TARGETED_DEVICE_FAMILY = "1,2";
				TEST_HOST = "$(BUILT_PRODUCTS_DIR)/twittermenti.app/twittermenti";
			};
			name = Release;
		};
		D1B4D3E8251A93220007A3F9 /* Debug */ = {
			isa = XCBuildConfiguration;
			buildSettings = {
				ALWAYS_EMBED_SWIFT_STANDARD_LIBRARIES = YES;
				CODE_SIGN_STYLE = Automatic;
				DEVELOPMENT_TEAM = Z56UVR5Q3Z;
				INFOPLIST_FILE = twittermentiUITests/Info.plist;
				LD_RUNPATH_SEARCH_PATHS = (
					"$(inherited)",
					"@executable_path/Frameworks",
					"@loader_path/Frameworks",
				);
				PRODUCT_BUNDLE_IDENTIFIER = com.justynakowalkowska.twittermentiUITests;
				PRODUCT_NAME = "$(TARGET_NAME)";
				SWIFT_VERSION = 5.0;
				TARGETED_DEVICE_FAMILY = "1,2";
				TEST_TARGET_NAME = twittermenti;
			};
			name = Debug;
		};
		D1B4D3E9251A93220007A3F9 /* Release */ = {
			isa = XCBuildConfiguration;
			buildSettings = {
				ALWAYS_EMBED_SWIFT_STANDARD_LIBRARIES = YES;
				CODE_SIGN_STYLE = Automatic;
				DEVELOPMENT_TEAM = Z56UVR5Q3Z;
				INFOPLIST_FILE = twittermentiUITests/Info.plist;
				LD_RUNPATH_SEARCH_PATHS = (
					"$(inherited)",
					"@executable_path/Frameworks",
					"@loader_path/Frameworks",
				);
				PRODUCT_BUNDLE_IDENTIFIER = com.justynakowalkowska.twittermentiUITests;
				PRODUCT_NAME = "$(TARGET_NAME)";
				SWIFT_VERSION = 5.0;
				TARGETED_DEVICE_FAMILY = "1,2";
				TEST_TARGET_NAME = twittermenti;
			};
			name = Release;
		};
/* End XCBuildConfiguration section */

/* Begin XCConfigurationList section */
		D1B4D3B2251A93210007A3F9 /* Build configuration list for PBXProject "twittermenti" */ = {
			isa = XCConfigurationList;
			buildConfigurations = (
				D1B4D3DF251A93220007A3F9 /* Debug */,
				D1B4D3E0251A93220007A3F9 /* Release */,
			);
			defaultConfigurationIsVisible = 0;
			defaultConfigurationName = Release;
		};
		D1B4D3E1251A93220007A3F9 /* Build configuration list for PBXNativeTarget "twittermenti" */ = {
			isa = XCConfigurationList;
			buildConfigurations = (
				D1B4D3E2251A93220007A3F9 /* Debug */,
				D1B4D3E3251A93220007A3F9 /* Release */,
			);
			defaultConfigurationIsVisible = 0;
			defaultConfigurationName = Release;
		};
		D1B4D3E4251A93220007A3F9 /* Build configuration list for PBXNativeTarget "twittermentiTests" */ = {
			isa = XCConfigurationList;
			buildConfigurations = (
				D1B4D3E5251A93220007A3F9 /* Debug */,
				D1B4D3E6251A93220007A3F9 /* Release */,
			);
			defaultConfigurationIsVisible = 0;
			defaultConfigurationName = Release;
		};
		D1B4D3E7251A93220007A3F9 /* Build configuration list for PBXNativeTarget "twittermentiUITests" */ = {
			isa = XCConfigurationList;
			buildConfigurations = (
				D1B4D3E8251A93220007A3F9 /* Debug */,
				D1B4D3E9251A93220007A3F9 /* Release */,
			);
			defaultConfigurationIsVisible = 0;
			defaultConfigurationName = Release;
		};
/* End XCConfigurationList section */
	};
	rootObject = D1B4D3AF251A93210007A3F9 /* Project object */;
}
